
Microsoft Visual Studio Solution File, Format Version 12.00
# Visual Studio 15
VisualStudioVersion = 15.0.26730.12
MinimumVisualStudioVersion = 10.0.40219.1
Project("{FAE04EC0-301F-11D3-BF4B-00C04F79EFBC}") = "Personales.Android", "Personales\Personales.Android\Personales.Android.csproj", "{7FEE3AFC-08E7-4808-9C73-01C58B0F294F}"
EndProject
Project("{FAE04EC0-301F-11D3-BF4B-00C04F79EFBC}") = "Personales", "Personales\Personales\Personales.csproj", "{40B17050-5E9E-4849-AB3D-276598CAD127}"
EndProject
Project("{FAE04EC0-301F-11D3-BF4B-00C04F79EFBC}") = "Personales.UWP", "Personales\Personales.UWP\Personales.UWP.csproj", "{CF9C3133-8447-4F83-B48D-C75347E3F9E2}"
EndProject
Project("{FAE04EC0-301F-11D3-BF4B-00C04F79EFBC}") = "Personales.iOS", "Personales\Personales.iOS\Personales.iOS.csproj", "{756DE225-A641-4FE1-969F-E308831E29A2}"
EndProject
Global
	GlobalSection(SolutionConfigurationPlatforms) = preSolution
		Ad-Hoc|Any CPU = Ad-Hoc|Any CPU
		Ad-Hoc|ARM = Ad-Hoc|ARM
		Ad-Hoc|iPhone = Ad-Hoc|iPhone
		Ad-Hoc|iPhoneSimulator = Ad-Hoc|iPhoneSimulator
		Ad-Hoc|x64 = Ad-Hoc|x64
		Ad-Hoc|x86 = Ad-Hoc|x86
		AppStore|Any CPU = AppStore|Any CPU
		AppStore|ARM = AppStore|ARM
		AppStore|iPhone = AppStore|iPhone
		AppStore|iPhoneSimulator = AppStore|iPhoneSimulator
		AppStore|x64 = AppStore|x64
		AppStore|x86 = AppStore|x86
		Debug|Any CPU = Debug|Any CPU
		Debug|ARM = Debug|ARM
		Debug|iPhone = Debug|iPhone
		Debug|iPhoneSimulator = Debug|iPhoneSimulator
		Debug|x64 = Debug|x64
		Debug|x86 = Debug|x86
		Release|Any CPU = Release|Any CPU
		Release|ARM = Release|ARM
		Release|iPhone = Release|iPhone
		Release|iPhoneSimulator = Release|iPhoneSimulator
		Release|x64 = Release|x64
		Release|x86 = Release|x86
	EndGlobalSection
	GlobalSection(ProjectConfigurationPlatforms) = postSolution
		{7FEE3AFC-08E7-4808-9C73-01C58B0F294F}.Ad-Hoc|Any CPU.ActiveCfg = Release|Any CPU
		{7FEE3AFC-08E7-4808-9C73-01C58B0F294F}.Ad-Hoc|Any CPU.Build.0 = Release|Any CPU
		{7FEE3AFC-08E7-4808-9C73-01C58B0F294F}.Ad-Hoc|Any CPU.Deploy.0 = Release|Any CPU
		{7FEE3AFC-08E7-4808-9C73-01C58B0F294F}.Ad-Hoc|ARM.ActiveCfg = Release|Any CPU
		{7FEE3AFC-08E7-4808-9C73-01C58B0F294F}.Ad-Hoc|ARM.Build.0 = Release|Any CPU
		{7FEE3AFC-08E7-4808-9C73-01C58B0F294F}.Ad-Hoc|ARM.Deploy.0 = Release|Any CPU
		{7FEE3AFC-08E7-4808-9C73-01C58B0F294F}.Ad-Hoc|iPhone.ActiveCfg = Release|Any CPU
		{7FEE3AFC-08E7-4808-9C73-01C58B0F294F}.Ad-Hoc|iPhone.Build.0 = Release|Any CPU
		{7FEE3AFC-08E7-4808-9C73-01C58B0F294F}.Ad-Hoc|iPhone.Deploy.0 = Release|Any CPU
		{7FEE3AFC-08E7-4808-9C73-01C58B0F294F}.Ad-Hoc|iPhoneSimulator.ActiveCfg = Release|Any CPU
		{7FEE3AFC-08E7-4808-9C73-01C58B0F294F}.Ad-Hoc|iPhoneSimulator.Build.0 = Release|Any CPU
		{7FEE3AFC-08E7-4808-9C73-01C58B0F294F}.Ad-Hoc|iPhoneSimulator.Deploy.0 = Release|Any CPU
		{7FEE3AFC-08E7-4808-9C73-01C58B0F294F}.Ad-Hoc|x64.ActiveCfg = Release|Any CPU
		{7FEE3AFC-08E7-4808-9C73-01C58B0F294F}.Ad-Hoc|x64.Build.0 = Release|Any CPU
		{7FEE3AFC-08E7-4808-9C73-01C58B0F294F}.Ad-Hoc|x64.Deploy.0 = Release|Any CPU
		{7FEE3AFC-08E7-4808-9C73-01C58B0F294F}.Ad-Hoc|x86.ActiveCfg = Release|Any CPU
		{7FEE3AFC-08E7-4808-9C73-01C58B0F294F}.Ad-Hoc|x86.Build.0 = Release|Any CPU
		{7FEE3AFC-08E7-4808-9C73-01C58B0F294F}.Ad-Hoc|x86.Deploy.0 = Release|Any CPU
		{7FEE3AFC-08E7-4808-9C73-01C58B0F294F}.AppStore|Any CPU.ActiveCfg = Release|Any CPU
		{7FEE3AFC-08E7-4808-9C73-01C58B0F294F}.AppStore|Any CPU.Build.0 = Release|Any CPU
		{7FEE3AFC-08E7-4808-9C73-01C58B0F294F}.AppStore|Any CPU.Deploy.0 = Release|Any CPU
		{7FEE3AFC-08E7-4808-9C73-01C58B0F294F}.AppStore|ARM.ActiveCfg = Release|Any CPU
		{7FEE3AFC-08E7-4808-9C73-01C58B0F294F}.AppStore|ARM.Build.0 = Release|Any CPU
		{7FEE3AFC-08E7-4808-9C73-01C58B0F294F}.AppStore|ARM.Deploy.0 = Release|Any CPU
		{7FEE3AFC-08E7-4808-9C73-01C58B0F294F}.AppStore|iPhone.ActiveCfg = Release|Any CPU
		{7FEE3AFC-08E7-4808-9C73-01C58B0F294F}.AppStore|iPhone.Build.0 = Release|Any CPU
		{7FEE3AFC-08E7-4808-9C73-01C58B0F294F}.AppStore|iPhone.Deploy.0 = Release|Any CPU
		{7FEE3AFC-08E7-4808-9C73-01C58B0F294F}.AppStore|iPhoneSimulator.ActiveCfg = Release|Any CPU
		{7FEE3AFC-08E7-4808-9C73-01C58B0F294F}.AppStore|iPhoneSimulator.Build.0 = Release|Any CPU
		{7FEE3AFC-08E7-4808-9C73-01C58B0F294F}.AppStore|iPhoneSimulator.Deploy.0 = Release|Any CPU
		{7FEE3AFC-08E7-4808-9C73-01C58B0F294F}.AppStore|x64.ActiveCfg = Release|Any CPU
		{7FEE3AFC-08E7-4808-9C73-01C58B0F294F}.AppStore|x64.Build.0 = Release|Any CPU
		{7FEE3AFC-08E7-4808-9C73-01C58B0F294F}.AppStore|x64.Deploy.0 = Release|Any CPU
		{7FEE3AFC-08E7-4808-9C73-01C58B0F294F}.AppStore|x86.ActiveCfg = Release|Any CPU
		{7FEE3AFC-08E7-4808-9C73-01C58B0F294F}.AppStore|x86.Build.0 = Release|Any CPU
		{7FEE3AFC-08E7-4808-9C73-01C58B0F294F}.AppStore|x86.Deploy.0 = Release|Any CPU
		{7FEE3AFC-08E7-4808-9C73-01C58B0F294F}.Debug|Any CPU.ActiveCfg = Debug|Any CPU
		{7FEE3AFC-08E7-4808-9C73-01C58B0F294F}.Debug|Any CPU.Build.0 = Debug|Any CPU
		{7FEE3AFC-08E7-4808-9C73-01C58B0F294F}.Debug|Any CPU.Deploy.0 = Debug|Any CPU
		{7FEE3AFC-08E7-4808-9C73-01C58B0F294F}.Debug|ARM.ActiveCfg = Debug|Any CPU
		{7FEE3AFC-08E7-4808-9C73-01C58B0F294F}.Debug|ARM.Build.0 = Debug|Any CPU
		{7FEE3AFC-08E7-4808-9C73-01C58B0F294F}.Debug|ARM.Deploy.0 = Debug|Any CPU
		{7FEE3AFC-08E7-4808-9C73-01C58B0F294F}.Debug|iPhone.ActiveCfg = Debug|Any CPU
		{7FEE3AFC-08E7-4808-9C73-01C58B0F294F}.Debug|iPhone.Build.0 = Debug|Any CPU
		{7FEE3AFC-08E7-4808-9C73-01C58B0F294F}.Debug|iPhone.Deploy.0 = Debug|Any CPU
		{7FEE3AFC-08E7-4808-9C73-01C58B0F294F}.Debug|iPhoneSimulator.ActiveCfg = Debug|Any CPU
		{7FEE3AFC-08E7-4808-9C73-01C58B0F294F}.Debug|iPhoneSimulator.Build.0 = Debug|Any CPU
		{7FEE3AFC-08E7-4808-9C73-01C58B0F294F}.Debug|iPhoneSimulator.Deploy.0 = Debug|Any CPU
		{7FEE3AFC-08E7-4808-9C73-01C58B0F294F}.Debug|x64.ActiveCfg = Debug|Any CPU
		{7FEE3AFC-08E7-4808-9C73-01C58B0F294F}.Debug|x64.Build.0 = Debug|Any CPU
		{7FEE3AFC-08E7-4808-9C73-01C58B0F294F}.Debug|x64.Deploy.0 = Debug|Any CPU
		{7FEE3AFC-08E7-4808-9C73-01C58B0F294F}.Debug|x86.ActiveCfg = Debug|Any CPU
		{7FEE3AFC-08E7-4808-9C73-01C58B0F294F}.Debug|x86.Build.0 = Debug|Any CPU
		{7FEE3AFC-08E7-4808-9C73-01C58B0F294F}.Debug|x86.Deploy.0 = Debug|Any CPU
		{7FEE3AFC-08E7-4808-9C73-01C58B0F294F}.Release|Any CPU.ActiveCfg = Release|Any CPU
		{7FEE3AFC-08E7-4808-9C73-01C58B0F294F}.Release|Any CPU.Build.0 = Release|Any CPU
		{7FEE3AFC-08E7-4808-9C73-01C58B0F294F}.Release|Any CPU.Deploy.0 = Release|Any CPU
		{7FEE3AFC-08E7-4808-9C73-01C58B0F294F}.Release|ARM.ActiveCfg = Release|Any CPU
		{7FEE3AFC-08E7-4808-9C73-01C58B0F294F}.Release|ARM.Build.0 = Release|Any CPU
		{7FEE3AFC-08E7-4808-9C73-01C58B0F294F}.Release|ARM.Deploy.0 = Release|Any CPU
		{7FEE3AFC-08E7-4808-9C73-01C58B0F294F}.Release|iPhone.ActiveCfg = Release|Any CPU
		{7FEE3AFC-08E7-4808-9C73-01C58B0F294F}.Release|iPhone.Build.0 = Release|Any CPU
		{7FEE3AFC-08E7-4808-9C73-01C58B0F294F}.Release|iPhone.Deploy.0 = Release|Any CPU
		{7FEE3AFC-08E7-4808-9C73-01C58B0F294F}.Release|iPhoneSimulator.ActiveCfg = Release|Any CPU
		{7FEE3AFC-08E7-4808-9C73-01C58B0F294F}.Release|iPhoneSimulator.Build.0 = Release|Any CPU
		{7FEE3AFC-08E7-4808-9C73-01C58B0F294F}.Release|iPhoneSimulator.Deploy.0 = Release|Any CPU
		{7FEE3AFC-08E7-4808-9C73-01C58B0F294F}.Release|x64.ActiveCfg = Release|Any CPU
		{7FEE3AFC-08E7-4808-9C73-01C58B0F294F}.Release|x64.Build.0 = Release|Any CPU
		{7FEE3AFC-08E7-4808-9C73-01C58B0F294F}.Release|x64.Deploy.0 = Release|Any CPU
		{7FEE3AFC-08E7-4808-9C73-01C58B0F294F}.Release|x86.ActiveCfg = Release|Any CPU
		{7FEE3AFC-08E7-4808-9C73-01C58B0F294F}.Release|x86.Build.0 = Release|Any CPU
		{7FEE3AFC-08E7-4808-9C73-01C58B0F294F}.Release|x86.Deploy.0 = Release|Any CPU
		{40B17050-5E9E-4849-AB3D-276598CAD127}.Ad-Hoc|Any CPU.ActiveCfg = Release|Any CPU
		{40B17050-5E9E-4849-AB3D-276598CAD127}.Ad-Hoc|Any CPU.Build.0 = Release|Any CPU
		{40B17050-5E9E-4849-AB3D-276598CAD127}.Ad-Hoc|ARM.ActiveCfg = Release|Any CPU
		{40B17050-5E9E-4849-AB3D-276598CAD127}.Ad-Hoc|ARM.Build.0 = Release|Any CPU
		{40B17050-5E9E-4849-AB3D-276598CAD127}.Ad-Hoc|iPhone.ActiveCfg = Release|Any CPU
		{40B17050-5E9E-4849-AB3D-276598CAD127}.Ad-Hoc|iPhone.Build.0 = Release|Any CPU
		{40B17050-5E9E-4849-AB3D-276598CAD127}.Ad-Hoc|iPhoneSimulator.ActiveCfg = Release|Any CPU
		{40B17050-5E9E-4849-AB3D-276598CAD127}.Ad-Hoc|iPhoneSimulator.Build.0 = Release|Any CPU
		{40B17050-5E9E-4849-AB3D-276598CAD127}.Ad-Hoc|x64.ActiveCfg = Release|Any CPU
		{40B17050-5E9E-4849-AB3D-276598CAD127}.Ad-Hoc|x64.Build.0 = Release|Any CPU
		{40B17050-5E9E-4849-AB3D-276598CAD127}.Ad-Hoc|x86.ActiveCfg = Release|Any CPU
		{40B17050-5E9E-4849-AB3D-276598CAD127}.Ad-Hoc|x86.Build.0 = Release|Any CPU
		{40B17050-5E9E-4849-AB3D-276598CAD127}.AppStore|Any CPU.ActiveCfg = Release|Any CPU
		{40B17050-5E9E-4849-AB3D-276598CAD127}.AppStore|Any CPU.Build.0 = Release|Any CPU
		{40B17050-5E9E-4849-AB3D-276598CAD127}.AppStore|ARM.ActiveCfg = Release|Any CPU
		{40B17050-5E9E-4849-AB3D-276598CAD127}.AppStore|ARM.Build.0 = Release|Any CPU
		{40B17050-5E9E-4849-AB3D-276598CAD127}.AppStore|iPhone.ActiveCfg = Release|Any CPU
		{40B17050-5E9E-4849-AB3D-276598CAD127}.AppStore|iPhone.Build.0 = Release|Any CPU
		{40B17050-5E9E-4849-AB3D-276598CAD127}.AppStore|iPhoneSimulator.ActiveCfg = Release|Any CPU
		{40B17050-5E9E-4849-AB3D-276598CAD127}.AppStore|iPhoneSimulator.Build.0 = Release|Any CPU
		{40B17050-5E9E-4849-AB3D-276598CAD127}.AppStore|x64.ActiveCfg = Release|Any CPU
		{40B17050-5E9E-4849-AB3D-276598CAD127}.AppStore|x64.Build.0 = Release|Any CPU
		{40B17050-5E9E-4849-AB3D-276598CAD127}.AppStore|x86.ActiveCfg = Release|Any CPU
		{40B17050-5E9E-4849-AB3D-276598CAD127}.AppStore|x86.Build.0 = Release|Any CPU
		{40B17050-5E9E-4849-AB3D-276598CAD127}.Debug|Any CPU.ActiveCfg = Debug|Any CPU
		{40B17050-5E9E-4849-AB3D-276598CAD127}.Debug|Any CPU.Build.0 = Debug|Any CPU
		{40B17050-5E9E-4849-AB3D-276598CAD127}.Debug|ARM.ActiveCfg = Debug|Any CPU
		{40B17050-5E9E-4849-AB3D-276598CAD127}.Debug|ARM.Build.0 = Debug|Any CPU
		{40B17050-5E9E-4849-AB3D-276598CAD127}.Debug|iPhone.ActiveCfg = Debug|Any CPU
		{40B17050-5E9E-4849-AB3D-276598CAD127}.Debug|iPhone.Build.0 = Debug|Any CPU
		{40B17050-5E9E-4849-AB3D-276598CAD127}.Debug|iPhoneSimulator.ActiveCfg = Debug|Any CPU
		{40B17050-5E9E-4849-AB3D-276598CAD127}.Debug|iPhoneSimulator.Build.0 = Debug|Any CPU
		{40B17050-5E9E-4849-AB3D-276598CAD127}.Debug|x64.ActiveCfg = Debug|Any CPU
		{40B17050-5E9E-4849-AB3D-276598CAD127}.Debug|x64.Build.0 = Debug|Any CPU
		{40B17050-5E9E-4849-AB3D-276598CAD127}.Debug|x86.ActiveCfg = Debug|Any CPU
		{40B17050-5E9E-4849-AB3D-276598CAD127}.Debug|x86.Build.0 = Debug|Any CPU
		{40B17050-5E9E-4849-AB3D-276598CAD127}.Release|Any CPU.ActiveCfg = Release|Any CPU
		{40B17050-5E9E-4849-AB3D-276598CAD127}.Release|Any CPU.Build.0 = Release|Any CPU
		{40B17050-5E9E-4849-AB3D-276598CAD127}.Release|ARM.ActiveCfg = Release|Any CPU
		{40B17050-5E9E-4849-AB3D-276598CAD127}.Release|ARM.Build.0 = Release|Any CPU
		{40B17050-5E9E-4849-AB3D-276598CAD127}.Release|iPhone.ActiveCfg = Release|Any CPU
		{40B17050-5E9E-4849-AB3D-276598CAD127}.Release|iPhone.Build.0 = Release|Any CPU
		{40B17050-5E9E-4849-AB3D-276598CAD127}.Release|iPhoneSimulator.ActiveCfg = Release|Any CPU
		{40B17050-5E9E-4849-AB3D-276598CAD127}.Release|iPhoneSimulator.Build.0 = Release|Any CPU
		{40B17050-5E9E-4849-AB3D-276598CAD127}.Release|x64.ActiveCfg = Release|Any CPU
		{40B17050-5E9E-4849-AB3D-276598CAD127}.Release|x64.Build.0 = Release|Any CPU
		{40B17050-5E9E-4849-AB3D-276598CAD127}.Release|x86.ActiveCfg = Release|Any CPU
		{40B17050-5E9E-4849-AB3D-276598CAD127}.Release|x86.Build.0 = Release|Any CPU
		{CF9C3133-8447-4F83-B48D-C75347E3F9E2}.Ad-Hoc|Any CPU.ActiveCfg = Release|x86
		{CF9C3133-8447-4F83-B48D-C75347E3F9E2}.Ad-Hoc|Any CPU.Build.0 = Release|x86
		{CF9C3133-8447-4F83-B48D-C75347E3F9E2}.Ad-Hoc|Any CPU.Deploy.0 = Release|x86
		{CF9C3133-8447-4F83-B48D-C75347E3F9E2}.Ad-Hoc|ARM.ActiveCfg = Release|ARM
		{CF9C3133-8447-4F83-B48D-C75347E3F9E2}.Ad-Hoc|ARM.Build.0 = Release|ARM
		{CF9C3133-8447-4F83-B48D-C75347E3F9E2}.Ad-Hoc|ARM.Deploy.0 = Release|ARM
		{CF9C3133-8447-4F83-B48D-C75347E3F9E2}.Ad-Hoc|iPhone.ActiveCfg = Release|x86
		{CF9C3133-8447-4F83-B48D-C75347E3F9E2}.Ad-Hoc|iPhone.Build.0 = Release|x86
		{CF9C3133-8447-4F83-B48D-C75347E3F9E2}.Ad-Hoc|iPhone.Deploy.0 = Release|x86
		{CF9C3133-8447-4F83-B48D-C75347E3F9E2}.Ad-Hoc|iPhoneSimulator.ActiveCfg = Release|x86
		{CF9C3133-8447-4F83-B48D-C75347E3F9E2}.Ad-Hoc|iPhoneSimulator.Build.0 = Release|x86
		{CF9C3133-8447-4F83-B48D-C75347E3F9E2}.Ad-Hoc|iPhoneSimulator.Deploy.0 = Release|x86
		{CF9C3133-8447-4F83-B48D-C75347E3F9E2}.Ad-Hoc|x64.ActiveCfg = Release|x64
		{CF9C3133-8447-4F83-B48D-C75347E3F9E2}.Ad-Hoc|x64.Build.0 = Release|x64
		{CF9C3133-8447-4F83-B48D-C75347E3F9E2}.Ad-Hoc|x64.Deploy.0 = Release|x64
		{CF9C3133-8447-4F83-B48D-C75347E3F9E2}.Ad-Hoc|x86.ActiveCfg = Release|x86
		{CF9C3133-8447-4F83-B48D-C75347E3F9E2}.Ad-Hoc|x86.Build.0 = Release|x86
		{CF9C3133-8447-4F83-B48D-C75347E3F9E2}.Ad-Hoc|x86.Deploy.0 = Release|x86
		{CF9C3133-8447-4F83-B48D-C75347E3F9E2}.AppStore|Any CPU.ActiveCfg = Release|x86
		{CF9C3133-8447-4F83-B48D-C75347E3F9E2}.AppStore|Any CPU.Build.0 = Release|x86
		{CF9C3133-8447-4F83-B48D-C75347E3F9E2}.AppStore|Any CPU.Deploy.0 = Release|x86
		{CF9C3133-8447-4F83-B48D-C75347E3F9E2}.AppStore|ARM.ActiveCfg = Release|ARM
		{CF9C3133-8447-4F83-B48D-C75347E3F9E2}.AppStore|ARM.Build.0 = Release|ARM
		{CF9C3133-8447-4F83-B48D-C75347E3F9E2}.AppStore|ARM.Deploy.0 = Release|ARM
		{CF9C3133-8447-4F83-B48D-C75347E3F9E2}.AppStore|iPhone.ActiveCfg = Release|x86
		{CF9C3133-8447-4F83-B48D-C75347E3F9E2}.AppStore|iPhone.Build.0 = Release|x86
		{CF9C3133-8447-4F83-B48D-C75347E3F9E2}.AppStore|iPhone.Deploy.0 = Release|x86
		{CF9C3133-8447-4F83-B48D-C75347E3F9E2}.AppStore|iPhoneSimulator.ActiveCfg = Release|x86
		{CF9C3133-8447-4F83-B48D-C75347E3F9E2}.AppStore|iPhoneSimulator.Build.0 = Release|x86
		{CF9C3133-8447-4F83-B48D-C75347E3F9E2}.AppStore|iPhoneSimulator.Deploy.0 = Release|x86
		{CF9C3133-8447-4F83-B48D-C75347E3F9E2}.AppStore|x64.ActiveCfg = Release|x64
		{CF9C3133-8447-4F83-B48D-C75347E3F9E2}.AppStore|x64.Build.0 = Release|x64
		{CF9C3133-8447-4F83-B48D-C75347E3F9E2}.AppStore|x64.Deploy.0 = Release|x64
		{CF9C3133-8447-4F83-B48D-C75347E3F9E2}.AppStore|x86.ActiveCfg = Release|x86
		{CF9C3133-8447-4F83-B48D-C75347E3F9E2}.AppStore|x86.Build.0 = Release|x86
		{CF9C3133-8447-4F83-B48D-C75347E3F9E2}.AppStore|x86.Deploy.0 = Release|x86
		{CF9C3133-8447-4F83-B48D-C75347E3F9E2}.Debug|Any CPU.ActiveCfg = Debug|x86
		{CF9C3133-8447-4F83-B48D-C75347E3F9E2}.Debug|ARM.ActiveCfg = Debug|ARM
		{CF9C3133-8447-4F83-B48D-C75347E3F9E2}.Debug|ARM.Build.0 = Debug|ARM
		{CF9C3133-8447-4F83-B48D-C75347E3F9E2}.Debug|ARM.Deploy.0 = Debug|ARM
		{CF9C3133-8447-4F83-B48D-C75347E3F9E2}.Debug|iPhone.ActiveCfg = Debug|x86
		{CF9C3133-8447-4F83-B48D-C75347E3F9E2}.Debug|iPhoneSimulator.ActiveCfg = Debug|x86
		{CF9C3133-8447-4F83-B48D-C75347E3F9E2}.Debug|x64.ActiveCfg = Debug|x64
		{CF9C3133-8447-4F83-B48D-C75347E3F9E2}.Debug|x64.Build.0 = Debug|x64
		{CF9C3133-8447-4F83-B48D-C75347E3F9E2}.Debug|x64.Deploy.0 = Debug|x64
		{CF9C3133-8447-4F83-B48D-C75347E3F9E2}.Debug|x86.ActiveCfg = Debug|x86
		{CF9C3133-8447-4F83-B48D-C75347E3F9E2}.Debug|x86.Build.0 = Debug|x86
		{CF9C3133-8447-4F83-B48D-C75347E3F9E2}.Debug|x86.Deploy.0 = Debug|x86
		{CF9C3133-8447-4F83-B48D-C75347E3F9E2}.Release|Any CPU.ActiveCfg = Release|x86
		{CF9C3133-8447-4F83-B48D-C75347E3F9E2}.Release|ARM.ActiveCfg = Release|ARM
		{CF9C3133-8447-4F83-B48D-C75347E3F9E2}.Release|ARM.Build.0 = Release|ARM
		{CF9C3133-8447-4F83-B48D-C75347E3F9E2}.Release|ARM.Deploy.0 = Release|ARM
		{CF9C3133-8447-4F83-B48D-C75347E3F9E2}.Release|iPhone.ActiveCfg = Release|x86
		{CF9C3133-8447-4F83-B48D-C75347E3F9E2}.Release|iPhoneSimulator.ActiveCfg = Release|x86
		{CF9C3133-8447-4F83-B48D-C75347E3F9E2}.Release|x64.ActiveCfg = Release|x64
		{CF9C3133-8447-4F83-B48D-C75347E3F9E2}.Release|x64.Build.0 = Release|x64
		{CF9C3133-8447-4F83-B48D-C75347E3F9E2}.Release|x64.Deploy.0 = Release|x64
		{CF9C3133-8447-4F83-B48D-C75347E3F9E2}.Release|x86.ActiveCfg = Release|x86
		{CF9C3133-8447-4F83-B48D-C75347E3F9E2}.Release|x86.Build.0 = Release|x86
		{CF9C3133-8447-4F83-B48D-C75347E3F9E2}.Release|x86.Deploy.0 = Release|x86
		{756DE225-A641-4FE1-969F-E308831E29A2}.Ad-Hoc|Any CPU.ActiveCfg = Ad-Hoc|iPhone
		{756DE225-A641-4FE1-969F-E308831E29A2}.Ad-Hoc|ARM.ActiveCfg = Ad-Hoc|iPhone
		{756DE225-A641-4FE1-969F-E308831E29A2}.Ad-Hoc|iPhone.ActiveCfg = Ad-Hoc|iPhone
		{756DE225-A641-4FE1-969F-E308831E29A2}.Ad-Hoc|iPhone.Build.0 = Ad-Hoc|iPhone
		{756DE225-A641-4FE1-969F-E308831E29A2}.Ad-Hoc|iPhoneSimulator.ActiveCfg = Ad-Hoc|iPhoneSimulator
		{756DE225-A641-4FE1-969F-E308831E29A2}.Ad-Hoc|iPhoneSimulator.Build.0 = Ad-Hoc|iPhoneSimulator
		{756DE225-A641-4FE1-969F-E308831E29A2}.Ad-Hoc|x64.ActiveCfg = Ad-Hoc|iPhone
		{756DE225-A641-4FE1-969F-E308831E29A2}.Ad-Hoc|x86.ActiveCfg = Ad-Hoc|iPhone
		{756DE225-A641-4FE1-969F-E308831E29A2}.AppStore|Any CPU.ActiveCfg = AppStore|iPhone
		{756DE225-A641-4FE1-969F-E308831E29A2}.AppStore|ARM.ActiveCfg = AppStore|iPhone
		{756DE225-A641-4FE1-969F-E308831E29A2}.AppStore|iPhone.ActiveCfg = AppStore|iPhone
		{756DE225-A641-4FE1-969F-E308831E29A2}.AppStore|iPhone.Build.0 = AppStore|iPhone
		{756DE225-A641-4FE1-969F-E308831E29A2}.AppStore|iPhoneSimulator.ActiveCfg = AppStore|iPhoneSimulator
		{756DE225-A641-4FE1-969F-E308831E29A2}.AppStore|iPhoneSimulator.Build.0 = AppStore|iPhoneSimulator
		{756DE225-A641-4FE1-969F-E308831E29A2}.AppStore|x64.ActiveCfg = AppStore|iPhone
		{756DE225-A641-4FE1-969F-E308831E29A2}.AppStore|x86.ActiveCfg = AppStore|iPhone
		{756DE225-A641-4FE1-969F-E308831E29A2}.Debug|Any CPU.ActiveCfg = Debug|iPhone
		{756DE225-A641-4FE1-969F-E308831E29A2}.Debug|ARM.ActiveCfg = Debug|iPhone
		{756DE225-A641-4FE1-969F-E308831E29A2}.Debug|iPhone.ActiveCfg = Debug|iPhone
		{756DE225-A641-4FE1-969F-E308831E29A2}.Debug|iPhone.Build.0 = Debug|iPhone
		{756DE225-A641-4FE1-969F-E308831E29A2}.Debug|iPhoneSimulator.ActiveCfg = Debug|iPhoneSimulator
		{756DE225-A641-4FE1-969F-E308831E29A2}.Debug|iPhoneSimulator.Build.0 = Debug|iPhoneSimulator
		{756DE225-A641-4FE1-969F-E308831E29A2}.Debug|x64.ActiveCfg = Debug|iPhone
		{756DE225-A641-4FE1-969F-E308831E29A2}.Debug|x86.ActiveCfg = Debug|iPhone
		{756DE225-A641-4FE1-969F-E308831E29A2}.Release|Any CPU.ActiveCfg = Release|iPhone
		{756DE225-A641-4FE1-969F-E308831E29A2}.Release|ARM.ActiveCfg = Release|iPhone
		{756DE225-A641-4FE1-969F-E308831E29A2}.Release|iPhone.ActiveCfg = Release|iPhone
		{756DE225-A641-4FE1-969F-E308831E29A2}.Release|iPhone.Build.0 = Release|iPhone
		{756DE225-A641-4FE1-969F-E308831E29A2}.Release|iPhoneSimulator.ActiveCfg = Release|iPhoneSimulator
		{756DE225-A641-4FE1-969F-E308831E29A2}.Release|iPhoneSimulator.Build.0 = Release|iPhoneSimulator
		{756DE225-A641-4FE1-969F-E308831E29A2}.Release|x64.ActiveCfg = Release|iPhone
		{756DE225-A641-4FE1-969F-E308831E29A2}.Release|x86.ActiveCfg = Release|iPhone
	EndGlobalSection
	GlobalSection(SolutionProperties) = preSolution
		HideSolutionNode = FALSE
	EndGlobalSection
	GlobalSection(ExtensibilityGlobals) = postSolution
		SolutionGuid = {13148C4C-781D-4E1E-AD1E-F91344126A2F}
	EndGlobalSection
EndGlobal
